
Microsoft Visual Studio Solution File, Format Version 11.00
# Visual Studio 2010
Project("{FAE04EC0-301F-11D3-BF4B-00C04F79EFBC}") = "Assembly-CSharp", "Assembly-CSharp.csproj", "{ad95fa0c-dd22-e7c1-ca69-9d8ea27f8973}"
EndProject
Project("{FAE04EC0-301F-11D3-BF4B-00C04F79EFBC}") = "Assembly-CSharp-Editor", "Assembly-CSharp-Editor.csproj", "{dd7aeebe-7d34-16c9-08ec-6b4711565ccc}"
EndProject
Global
	GlobalSection(SolutionConfigurationPlatforms) = preSolution
		Debug|Any CPU = Debug|Any CPU
	EndGlobalSection
	GlobalSection(ProjectConfigurationPlatforms) = postSolution
		{ad95fa0c-dd22-e7c1-ca69-9d8ea27f8973}.Debug|Any CPU.ActiveCfg = Debug|Any CPU
		{ad95fa0c-dd22-e7c1-ca69-9d8ea27f8973}.Debug|Any CPU.Build.0 = Debug|Any CPU
		{dd7aeebe-7d34-16c9-08ec-6b4711565ccc}.Debug|Any CPU.ActiveCfg = Debug|Any CPU
		{dd7aeebe-7d34-16c9-08ec-6b4711565ccc}.Debug|Any CPU.Build.0 = Debug|Any CPU
	EndGlobalSection
	GlobalSection(SolutionProperties) = preSolution
		HideSolutionNode = FALSE
	EndGlobalSection
EndGlobal
